
Microsoft Visual Studio Solution File, Format Version 12.00
# Visual Studio Version 16
VisualStudioVersion = 16.0.33529.622
MinimumVisualStudioVersion = 10.0.40219.1
Project("{FAE04EC0-301F-11D3-BF4B-00C04F79EFBC}") = "Balo_QHD", "Balo_QHD\Balo_QHD.csproj", "{00E5F11B-8EAD-4463-A15A-BCB49A8476B7}"
EndProject
Global
	GlobalSection(SolutionConfigurationPlatforms) = preSolution
		Debug|Any CPU = Debug|Any CPU
		Release|Any CPU = Release|Any CPU
	EndGlobalSection
	GlobalSection(ProjectConfigurationPlatforms) = postSolution
		{00E5F11B-8EAD-4463-A15A-BCB49A8476B7}.Debug|Any CPU.ActiveCfg = Debug|Any CPU
		{00E5F11B-8EAD-4463-A15A-BCB49A8476B7}.Debug|Any CPU.Build.0 = Debug|Any CPU
		{00E5F11B-8EAD-4463-A15A-BCB49A8476B7}.Release|Any CPU.ActiveCfg = Release|Any CPU
		{00E5F11B-8EAD-4463-A15A-BCB49A8476B7}.Release|Any CPU.Build.0 = Release|Any CPU
	EndGlobalSection
	GlobalSection(SolutionProperties) = preSolution
		HideSolutionNode = FALSE
	EndGlobalSection
	GlobalSection(ExtensibilityGlobals) = postSolution
		SolutionGuid = {10F730C3-ED09-48D2-8D3F-E8B72EA655C7}
	EndGlobalSection
EndGlobal
